
Microsoft Visual Studio Solution File, Format Version 12.00
# Visual Studio Version 16
VisualStudioVersion = 16.0.30907.101
MinimumVisualStudioVersion = 10.0.40219.1
Project("{FAE04EC0-301F-11D3-BF4B-00C04F79EFBC}") = "HomeWork1_mainTask", "src\HomeWork1_mainTask\HomeWork1_mainTask.csproj", "{399C9CAA-B23E-4EF3-A1F0-3BCF5447330D}"
EndProject
Global
	GlobalSection(SolutionConfigurationPlatforms) = preSolution
		Debug|Any CPU = Debug|Any CPU
		Release|Any CPU = Release|Any CPU
	EndGlobalSection
	GlobalSection(ProjectConfigurationPlatforms) = postSolution
		{399C9CAA-B23E-4EF3-A1F0-3BCF5447330D}.Debug|Any CPU.ActiveCfg = Debug|Any CPU
		{399C9CAA-B23E-4EF3-A1F0-3BCF5447330D}.Debug|Any CPU.Build.0 = Debug|Any CPU
		{399C9CAA-B23E-4EF3-A1F0-3BCF5447330D}.Release|Any CPU.ActiveCfg = Release|Any CPU
		{399C9CAA-B23E-4EF3-A1F0-3BCF5447330D}.Release|Any CPU.Build.0 = Release|Any CPU
	EndGlobalSection
	GlobalSection(SolutionProperties) = preSolution
		HideSolutionNode = FALSE
	EndGlobalSection
	GlobalSection(ExtensibilityGlobals) = postSolution
		SolutionGuid = {C8F75B6B-AD0C-4853-B2EC-8EF48533A40B}
	EndGlobalSection
EndGlobal
