
Microsoft Visual Studio Solution File, Format Version 12.00
Project("{FAE04EC0-301F-11D3-BF4B-00C04F79EFBC}") = "DistanceBenchmark", "DistanceBenchmark\DistanceBenchmark.csproj", "{2959EB7E-84EE-4FE1-B991-62A26C13AE9C}"
EndProject
Global
	GlobalSection(SolutionConfigurationPlatforms) = preSolution
		Debug|Any CPU = Debug|Any CPU
		Release|Any CPU = Release|Any CPU
	EndGlobalSection
	GlobalSection(ProjectConfigurationPlatforms) = postSolution
		{2959EB7E-84EE-4FE1-B991-62A26C13AE9C}.Debug|Any CPU.ActiveCfg = Debug|Any CPU
		{2959EB7E-84EE-4FE1-B991-62A26C13AE9C}.Debug|Any CPU.Build.0 = Debug|Any CPU
		{2959EB7E-84EE-4FE1-B991-62A26C13AE9C}.Release|Any CPU.ActiveCfg = Release|Any CPU
		{2959EB7E-84EE-4FE1-B991-62A26C13AE9C}.Release|Any CPU.Build.0 = Release|Any CPU
	EndGlobalSection
EndGlobal
